
Microsoft Visual Studio Solution File, Format Version 12.00
# Visual Studio 15
VisualStudioVersion = 15.0.28307.1022
MinimumVisualStudioVersion = 10.0.40219.1
Project("{FAE04EC0-301F-11D3-BF4B-00C04F79EFBC}") = "CG_1", "CG_1\CG_1.csproj", "{B190BD62-61DF-42B9-9143-C70ADAAFFE68}"
EndProject
Global
	GlobalSection(SolutionConfigurationPlatforms) = preSolution
		Debug|Any CPU = Debug|Any CPU
		Release|Any CPU = Release|Any CPU
	EndGlobalSection
	GlobalSection(ProjectConfigurationPlatforms) = postSolution
		{B190BD62-61DF-42B9-9143-C70ADAAFFE68}.Debug|Any CPU.ActiveCfg = Debug|Any CPU
		{B190BD62-61DF-42B9-9143-C70ADAAFFE68}.Debug|Any CPU.Build.0 = Debug|Any CPU
		{B190BD62-61DF-42B9-9143-C70ADAAFFE68}.Release|Any CPU.ActiveCfg = Release|Any CPU
		{B190BD62-61DF-42B9-9143-C70ADAAFFE68}.Release|Any CPU.Build.0 = Release|Any CPU
	EndGlobalSection
	GlobalSection(SolutionProperties) = preSolution
		HideSolutionNode = FALSE
	EndGlobalSection
	GlobalSection(ExtensibilityGlobals) = postSolution
		SolutionGuid = {77C6EFE8-4B21-4CC8-9BE2-0BA973751485}
	EndGlobalSection
EndGlobal
